// !$*UTF8*$!
{
	archiveVersion = 1;
	classes = {
	};
	objectVersion = 56;
	objects = {

/* Begin PBXBuildFile section */
		6C0FAD2F2C899AA10084FB7C /* UIImageViewExtensions.swift in Sources */ = {isa = PBXBuildFile; fileRef = 6C0FAD2E2C899AA10084FB7C /* UIImageViewExtensions.swift */; };
		6C0FAD312C89C7770084FB7C /* DetailViewController.swift in Sources */ = {isa = PBXBuildFile; fileRef = 6C0FAD302C89C7770084FB7C /* DetailViewController.swift */; };
		6CD309462C884D2200FD590E /* Superheroe.swift in Sources */ = {isa = PBXBuildFile; fileRef = 6CD309452C884D2200FD590E /* Superheroe.swift */; };
		6CD309482C884F5500FD590E /* SuperheroeProvider.swift in Sources */ = {isa = PBXBuildFile; fileRef = 6CD309472C884F5500FD590E /* SuperheroeProvider.swift */; };
		6CD3094B2C885F8C00FD590E /* Constantes.swift in Sources */ = {isa = PBXBuildFile; fileRef = 6CD3094A2C885F8C00FD590E /* Constantes.swift */; };
		6CD3094E2C88635000FD590E /* ListViewController.swift in Sources */ = {isa = PBXBuildFile; fileRef = 6CD3094D2C88635000FD590E /* ListViewController.swift */; };
		6CD309512C88811C00FD590E /* SuperheroeViewCell.swift in Sources */ = {isa = PBXBuildFile; fileRef = 6CD309502C88811C00FD590E /* SuperheroeViewCell.swift */; };
		6CF4C3DD2C872AD700E3A0B5 /* AppDelegate.swift in Sources */ = {isa = PBXBuildFile; fileRef = 6CF4C3DC2C872AD700E3A0B5 /* AppDelegate.swift */; };
		6CF4C3DF2C872AD700E3A0B5 /* SceneDelegate.swift in Sources */ = {isa = PBXBuildFile; fileRef = 6CF4C3DE2C872AD700E3A0B5 /* SceneDelegate.swift */; };
		6CF4C3E12C872AD700E3A0B5 /* ViewController.swift in Sources */ = {isa = PBXBuildFile; fileRef = 6CF4C3E02C872AD700E3A0B5 /* ViewController.swift */; };
		6CF4C3E42C872AD700E3A0B5 /* Base in Resources */ = {isa = PBXBuildFile; fileRef = 6CF4C3E32C872AD700E3A0B5 /* Base */; };
		6CF4C3E62C872AD800E3A0B5 /* Assets.xcassets in Resources */ = {isa = PBXBuildFile; fileRef = 6CF4C3E52C872AD800E3A0B5 /* Assets.xcassets */; };
		6CF4C3E92C872AD800E3A0B5 /* Base in Resources */ = {isa = PBXBuildFile; fileRef = 6CF4C3E82C872AD800E3A0B5 /* Base */; };
/* End PBXBuildFile section */

/* Begin PBXFileReference section */
		6C0FAD2E2C899AA10084FB7C /* UIImageViewExtensions.swift */ = {isa = PBXFileReference; lastKnownFileType = sourcecode.swift; path = UIImageViewExtensions.swift; sourceTree = "<group>"; };
		6C0FAD302C89C7770084FB7C /* DetailViewController.swift */ = {isa = PBXFileReference; lastKnownFileType = sourcecode.swift; path = DetailViewController.swift; sourceTree = "<group>"; };
		6CD309452C884D2200FD590E /* Superheroe.swift */ = {isa = PBXFileReference; lastKnownFileType = sourcecode.swift; path = Superheroe.swift; sourceTree = "<group>"; };
		6CD309472C884F5500FD590E /* SuperheroeProvider.swift */ = {isa = PBXFileReference; lastKnownFileType = sourcecode.swift; path = SuperheroeProvider.swift; sourceTree = "<group>"; };
		6CD3094A2C885F8C00FD590E /* Constantes.swift */ = {isa = PBXFileReference; lastKnownFileType = sourcecode.swift; path = Constantes.swift; sourceTree = "<group>"; };
		6CD3094D2C88635000FD590E /* ListViewController.swift */ = {isa = PBXFileReference; lastKnownFileType = sourcecode.swift; path = ListViewController.swift; sourceTree = "<group>"; };
		6CD309502C88811C00FD590E /* SuperheroeViewCell.swift */ = {isa = PBXFileReference; lastKnownFileType = sourcecode.swift; path = SuperheroeViewCell.swift; sourceTree = "<group>"; };
		6CF4C3D92C872AD700E3A0B5 /* Superherores-iOS.app */ = {isa = PBXFileReference; explicitFileType = wrapper.application; includeInIndex = 0; path = "Superherores-iOS.app"; sourceTree = BUILT_PRODUCTS_DIR; };
		6CF4C3DC2C872AD700E3A0B5 /* AppDelegate.swift */ = {isa = PBXFileReference; lastKnownFileType = sourcecode.swift; path = AppDelegate.swift; sourceTree = "<group>"; };
		6CF4C3DE2C872AD700E3A0B5 /* SceneDelegate.swift */ = {isa = PBXFileReference; lastKnownFileType = sourcecode.swift; path = SceneDelegate.swift; sourceTree = "<group>"; };
		6CF4C3E02C872AD700E3A0B5 /* ViewController.swift */ = {isa = PBXFileReference; lastKnownFileType = sourcecode.swift; path = ViewController.swift; sourceTree = "<group>"; };
		6CF4C3E32C872AD700E3A0B5 /* Base */ = {isa = PBXFileReference; lastKnownFileType = file.storyboard; name = Base; path = Base.lproj/Main.storyboard; sourceTree = "<group>"; };
		6CF4C3E52C872AD800E3A0B5 /* Assets.xcassets */ = {isa = PBXFileReference; lastKnownFileType = folder.assetcatalog; path = Assets.xcassets; sourceTree = "<group>"; };
		6CF4C3E82C872AD800E3A0B5 /* Base */ = {isa = PBXFileReference; lastKnownFileType = file.storyboard; name = Base; path = Base.lproj/LaunchScreen.storyboard; sourceTree = "<group>"; };
		6CF4C3EA2C872AD800E3A0B5 /* Info.plist */ = {isa = PBXFileReference; lastKnownFileType = text.plist.xml; path = Info.plist; sourceTree = "<group>"; };
/* End PBXFileReference section */

/* Begin PBXFrameworksBuildPhase section */
		6CF4C3D62C872AD700E3A0B5 /* Frameworks */ = {
			isa = PBXFrameworksBuildPhase;
			buildActionMask = 2147483647;
			files = (
			);
			runOnlyForDeploymentPostprocessing = 0;
		};
/* End PBXFrameworksBuildPhase section */

/* Begin PBXGroup section */
		6CD309442C884CD900FD590E /* Data */ = {
			isa = PBXGroup;
			children = (
				6CD309452C884D2200FD590E /* Superheroe.swift */,
				6CD309472C884F5500FD590E /* SuperheroeProvider.swift */,
			);
			path = Data;
			sourceTree = "<group>";
		};
		6CD309492C885F7C00FD590E /* Utils */ = {
			isa = PBXGroup;
			children = (
				6CD3094A2C885F8C00FD590E /* Constantes.swift */,
				6C0FAD2E2C899AA10084FB7C /* UIImageViewExtensions.swift */,
			);
			path = Utils;
			sourceTree = "<group>";
		};
		6CD3094C2C88632C00FD590E /* ViewControllers */ = {
			isa = PBXGroup;
			children = (
				6CD3094D2C88635000FD590E /* ListViewController.swift */,
				6C0FAD302C89C7770084FB7C /* DetailViewController.swift */,
			);
			path = ViewControllers;
			sourceTree = "<group>";
		};
		6CD3094F2C8880DF00FD590E /* ViewCells */ = {
			isa = PBXGroup;
			children = (
				6CD309502C88811C00FD590E /* SuperheroeViewCell.swift */,
			);
			path = ViewCells;
			sourceTree = "<group>";
		};
		6CF4C3D02C872AD700E3A0B5 = {
			isa = PBXGroup;
			children = (
				6CF4C3DB2C872AD700E3A0B5 /* Superherores-iOS */,
				6CF4C3DA2C872AD700E3A0B5 /* Products */,
			);
			sourceTree = "<group>";
		};
		6CF4C3DA2C872AD700E3A0B5 /* Products */ = {
			isa = PBXGroup;
			children = (
				6CF4C3D92C872AD700E3A0B5 /* Superherores-iOS.app */,
			);
			name = Products;
			sourceTree = "<group>";
		};
		6CF4C3DB2C872AD700E3A0B5 /* Superherores-iOS */ = {
			isa = PBXGroup;
			children = (
				6CD3094F2C8880DF00FD590E /* ViewCells */,
				6CD3094C2C88632C00FD590E /* ViewControllers */,
				6CD309492C885F7C00FD590E /* Utils */,
				6CD309442C884CD900FD590E /* Data */,
				6CF4C3DC2C872AD700E3A0B5 /* AppDelegate.swift */,
				6CF4C3DE2C872AD700E3A0B5 /* SceneDelegate.swift */,
				6CF4C3E02C872AD700E3A0B5 /* ViewController.swift */,
				6CF4C3E22C872AD700E3A0B5 /* Main.storyboard */,
				6CF4C3E52C872AD800E3A0B5 /* Assets.xcassets */,
				6CF4C3E72C872AD800E3A0B5 /* LaunchScreen.storyboard */,
				6CF4C3EA2C872AD800E3A0B5 /* Info.plist */,
			);
			path = "Superherores-iOS";
			sourceTree = "<group>";
		};
/* End PBXGroup section */

/* Begin PBXNativeTarget section */
		6CF4C3D82C872AD700E3A0B5 /* Superherores-iOS */ = {
			isa = PBXNativeTarget;
			buildConfigurationList = 6CF4C3ED2C872AD800E3A0B5 /* Build configuration list for PBXNativeTarget "Superherores-iOS" */;
			buildPhases = (
				6CF4C3D52C872AD700E3A0B5 /* Sources */,
				6CF4C3D62C872AD700E3A0B5 /* Frameworks */,
				6CF4C3D72C872AD700E3A0B5 /* Resources */,
			);
			buildRules = (
			);
			dependencies = (
			);
			name = "Superherores-iOS";
			productName = "Superherores-iOS";
			productReference = 6CF4C3D92C872AD700E3A0B5 /* Superherores-iOS.app */;
			productType = "com.apple.product-type.application";
		};
/* End PBXNativeTarget section */

/* Begin PBXProject section */
		6CF4C3D12C872AD700E3A0B5 /* Project object */ = {
			isa = PBXProject;
			attributes = {
				BuildIndependentTargetsInParallel = 1;
				LastSwiftUpdateCheck = 1540;
				LastUpgradeCheck = 1540;
				TargetAttributes = {
					6CF4C3D82C872AD700E3A0B5 = {
						CreatedOnToolsVersion = 15.4;
					};
				};
			};
			buildConfigurationList = 6CF4C3D42C872AD700E3A0B5 /* Build configuration list for PBXProject "Superherores-iOS" */;
			compatibilityVersion = "Xcode 14.0";
			developmentRegion = en;
			hasScannedForEncodings = 0;
			knownRegions = (
				en,
				Base,
			);
			mainGroup = 6CF4C3D02C872AD700E3A0B5;
			productRefGroup = 6CF4C3DA2C872AD700E3A0B5 /* Products */;
			projectDirPath = "";
			projectRoot = "";
			targets = (
				6CF4C3D82C872AD700E3A0B5 /* Superherores-iOS */,
			);
		};
/* End PBXProject section */

/* Begin PBXResourcesBuildPhase section */
		6CF4C3D72C872AD700E3A0B5 /* Resources */ = {
			isa = PBXResourcesBuildPhase;
			buildActionMask = 2147483647;
			files = (
				6CF4C3E62C872AD800E3A0B5 /* Assets.xcassets in Resources */,
				6CF4C3E92C872AD800E3A0B5 /* Base in Resources */,
				6CF4C3E42C872AD700E3A0B5 /* Base in Resources */,
			);
			runOnlyForDeploymentPostprocessing = 0;
		};
/* End PBXResourcesBuildPhase section */

/* Begin PBXSourcesBuildPhase section */
		6CF4C3D52C872AD700E3A0B5 /* Sources */ = {
			isa = PBXSourcesBuildPhase;
			buildActionMask = 2147483647;
			files = (
				6CD309512C88811C00FD590E /* SuperheroeViewCell.swift in Sources */,
				6CD3094E2C88635000FD590E /* ListViewController.swift in Sources */,
				6CF4C3E12C872AD700E3A0B5 /* ViewController.swift in Sources */,
				6CD309482C884F5500FD590E /* SuperheroeProvider.swift in Sources */,
				6C0FAD2F2C899AA10084FB7C /* UIImageViewExtensions.swift in Sources */,
				6CD309462C884D2200FD590E /* Superheroe.swift in Sources */,
				6CF4C3DD2C872AD700E3A0B5 /* AppDelegate.swift in Sources */,
				6C0FAD312C89C7770084FB7C /* DetailViewController.swift in Sources */,
				6CF4C3DF2C872AD700E3A0B5 /* SceneDelegate.swift in Sources */,
				6CD3094B2C885F8C00FD590E /* Constantes.swift in Sources */,
			);
			runOnlyForDeploymentPostprocessing = 0;
		};
/* End PBXSourcesBuildPhase section */

/* Begin PBXVariantGroup section */
		6CF4C3E22C872AD700E3A0B5 /* Main.storyboard */ = {
			isa = PBXVariantGroup;
			children = (
				6CF4C3E32C872AD700E3A0B5 /* Base */,
			);
			name = Main.storyboard;
			sourceTree = "<group>";
		};
		6CF4C3E72C872AD800E3A0B5 /* LaunchScreen.storyboard */ = {
			isa = PBXVariantGroup;
			children = (
				6CF4C3E82C872AD800E3A0B5 /* Base */,
			);
			name = LaunchScreen.storyboard;
			sourceTree = "<group>";
		};
/* End PBXVariantGroup section */

/* Begin XCBuildConfiguration section */
		6CF4C3EB2C872AD800E3A0B5 /* Debug */ = {
			isa = XCBuildConfiguration;
			buildSettings = {
				ALWAYS_SEARCH_USER_PATHS = NO;
				ASSETCATALOG_COMPILER_GENERATE_SWIFT_ASSET_SYMBOL_EXTENSIONS = YES;
				CLANG_ANALYZER_NONNULL = YES;
				CLANG_ANALYZER_NUMBER_OBJECT_CONVERSION = YES_AGGRESSIVE;
				CLANG_CXX_LANGUAGE_STANDARD = "gnu++20";
				CLANG_ENABLE_MODULES = YES;
				CLANG_ENABLE_OBJC_ARC = YES;
				CLANG_ENABLE_OBJC_WEAK = YES;
				CLANG_WARN_BLOCK_CAPTURE_AUTORELEASING = YES;
				CLANG_WARN_BOOL_CONVERSION = YES;
				CLANG_WARN_COMMA = YES;
				CLANG_WARN_CONSTANT_CONVERSION = YES;
				CLANG_WARN_DEPRECATED_OBJC_IMPLEMENTATIONS = YES;
				CLANG_WARN_DIRECT_OBJC_ISA_USAGE = YES_ERROR;
				CLANG_WARN_DOCUMENTATION_COMMENTS = YES;
				CLANG_WARN_EMPTY_BODY = YES;
				CLANG_WARN_ENUM_CONVERSION = YES;
				CLANG_WARN_INFINITE_RECURSION = YES;
				CLANG_WARN_INT_CONVERSION = YES;
				CLANG_WARN_NON_LITERAL_NULL_CONVERSION = YES;
				CLANG_WARN_OBJC_IMPLICIT_RETAIN_SELF = YES;
				CLANG_WARN_OBJC_LITERAL_CONVERSION = YES;
				CLANG_WARN_OBJC_ROOT_CLASS = YES_ERROR;
				CLANG_WARN_QUOTED_INCLUDE_IN_FRAMEWORK_HEADER = YES;
				CLANG_WARN_RANGE_LOOP_ANALYSIS = YES;
				CLANG_WARN_STRICT_PROTOTYPES = YES;
				CLANG_WARN_SUSPICIOUS_MOVE = YES;
				CLANG_WARN_UNGUARDED_AVAILABILITY = YES_AGGRESSIVE;
				CLANG_WARN_UNREACHABLE_CODE = YES;
				CLANG_WARN__DUPLICATE_METHOD_MATCH = YES;
				COPY_PHASE_STRIP = NO;
				DEBUG_INFORMATION_FORMAT = dwarf;
				ENABLE_STRICT_OBJC_MSGSEND = YES;
				ENABLE_TESTABILITY = YES;
				ENABLE_USER_SCRIPT_SANDBOXING = YES;
				GCC_C_LANGUAGE_STANDARD = gnu17;
				GCC_DYNAMIC_NO_PIC = NO;
				GCC_NO_COMMON_BLOCKS = YES;
				GCC_OPTIMIZATION_LEVEL = 0;
				GCC_PREPROCESSOR_DEFINITIONS = (
					"DEBUG=1",
					"$(inherited)",
				);
				GCC_WARN_64_TO_32_BIT_CONVERSION = YES;
				GCC_WARN_ABOUT_RETURN_TYPE = YES_ERROR;
				GCC_WARN_UNDECLARED_SELECTOR = YES;
				GCC_WARN_UNINITIALIZED_AUTOS = YES_AGGRESSIVE;
				GCC_WARN_UNUSED_FUNCTION = YES;
				GCC_WARN_UNUSED_VARIABLE = YES;
				IPHONEOS_DEPLOYMENT_TARGET = 17.5;
				LOCALIZATION_PREFERS_STRING_CATALOGS = YES;
				MTL_ENABLE_DEBUG_INFO = INCLUDE_SOURCE;
				MTL_FAST_MATH = YES;
				ONLY_ACTIVE_ARCH = YES;
				SDKROOT = iphoneos;
				SWIFT_ACTIVE_COMPILATION_CONDITIONS = "DEBUG $(inherited)";
				SWIFT_OPTIMIZATION_LEVEL = "-Onone";
			};
			name = Debug;
		};
		6CF4C3EC2C872AD800E3A0B5 /* Release */ = {
			isa = XCBuildConfiguration;
			buildSettings = {
				ALWAYS_SEARCH_USER_PATHS = NO;
				ASSETCATALOG_COMPILER_GENERATE_SWIFT_ASSET_SYMBOL_EXTENSIONS = YES;
				CLANG_ANALYZER_NONNULL = YES;
				CLANG_ANALYZER_NUMBER_OBJECT_CONVERSION = YES_AGGRESSIVE;
				CLANG_CXX_LANGUAGE_STANDARD = "gnu++20";
				CLANG_ENABLE_MODULES = YES;
				CLANG_ENABLE_OBJC_ARC = YES;
				CLANG_ENABLE_OBJC_WEAK = YES;
				CLANG_WARN_BLOCK_CAPTURE_AUTORELEASING = YES;
				CLANG_WARN_BOOL_CONVERSION = YES;
				CLANG_WARN_COMMA = YES;
				CLANG_WARN_CONSTANT_CONVERSION = YES;
				CLANG_WARN_DEPRECATED_OBJC_IMPLEMENTATIONS = YES;
				CLANG_WARN_DIRECT_OBJC_ISA_USAGE = YES_ERROR;
				CLANG_WARN_DOCUMENTATION_COMMENTS = YES;
				CLANG_WARN_EMPTY_BODY = YES;
				CLANG_WARN_ENUM_CONVERSION = YES;
				CLANG_WARN_INFINITE_RECURSION = YES;
				CLANG_WARN_INT_CONVERSION = YES;
				CLANG_WARN_NON_LITERAL_NULL_CONVERSION = YES;
				CLANG_WARN_OBJC_IMPLICIT_RETAIN_SELF = YES;
				CLANG_WARN_OBJC_LITERAL_CONVERSION = YES;
				CLANG_WARN_OBJC_ROOT_CLASS = YES_ERROR;
				CLANG_WARN_QUOTED_INCLUDE_IN_FRAMEWORK_HEADER = YES;
				CLANG_WARN_RANGE_LOOP_ANALYSIS = YES;
				CLANG_WARN_STRICT_PROTOTYPES = YES;
				CLANG_WARN_SUSPICIOUS_MOVE = YES;
				CLANG_WARN_UNGUARDED_AVAILABILITY = YES_AGGRESSIVE;
				CLANG_WARN_UNREACHABLE_CODE = YES;
				CLANG_WARN__DUPLICATE_METHOD_MATCH = YES;
				COPY_PHASE_STRIP = NO;
				DEBUG_INFORMATION_FORMAT = "dwarf-with-dsym";
				ENABLE_NS_ASSERTIONS = NO;
				ENABLE_STRICT_OBJC_MSGSEND = YES;
				ENABLE_USER_SCRIPT_SANDBOXING = YES;
				GCC_C_LANGUAGE_STANDARD = gnu17;
				GCC_NO_COMMON_BLOCKS = YES;
				GCC_WARN_64_TO_32_BIT_CONVERSION = YES;
				GCC_WARN_ABOUT_RETURN_TYPE = YES_ERROR;
				GCC_WARN_UNDECLARED_SELECTOR = YES;
				GCC_WARN_UNINITIALIZED_AUTOS = YES_AGGRESSIVE;
				GCC_WARN_UNUSED_FUNCTION = YES;
				GCC_WARN_UNUSED_VARIABLE = YES;
				IPHONEOS_DEPLOYMENT_TARGET = 17.5;
				LOCALIZATION_PREFERS_STRING_CATALOGS = YES;
				MTL_ENABLE_DEBUG_INFO = NO;
				MTL_FAST_MATH = YES;
				SDKROOT = iphoneos;
				SWIFT_COMPILATION_MODE = wholemodule;
				VALIDATE_PRODUCT = YES;
			};
			name = Release;
		};
		6CF4C3EE2C872AD800E3A0B5 /* Debug */ = {
			isa = XCBuildConfiguration;
			buildSettings = {
				ASSETCATALOG_COMPILER_APPICON_NAME = AppIcon;
				ASSETCATALOG_COMPILER_GLOBAL_ACCENT_COLOR_NAME = AccentColor;
				CODE_SIGN_STYLE = Automatic;
				CURRENT_PROJECT_VERSION = 1;
				GENERATE_INFOPLIST_FILE = YES;
				INFOPLIST_FILE = "Superherores-iOS/Info.plist";
				INFOPLIST_KEY_UIApplicationSupportsIndirectInputEvents = YES;
				INFOPLIST_KEY_UILaunchStoryboardName = LaunchScreen;
				INFOPLIST_KEY_UIMainStoryboardFile = Main;
				INFOPLIST_KEY_UISupportedInterfaceOrientations_iPad = "UIInterfaceOrientationPortrait UIInterfaceOrientationPortraitUpsideDown UIInterfaceOrientationLandscapeLeft UIInterfaceOrientationLandscapeRight";
				INFOPLIST_KEY_UISupportedInterfaceOrientations_iPhone = "UIInterfaceOrientationPortrait UIInterfaceOrientationLandscapeLeft UIInterfaceOrientationLandscapeRight";
				LD_RUNPATH_SEARCH_PATHS = (
					"$(inherited)",
					"@executable_path/Frameworks",
				);
				MARKETING_VERSION = 1.0;
				PRODUCT_BUNDLE_IDENTIFIER = "com.example.Superherores-iOS";
				PRODUCT_NAME = "$(TARGET_NAME)";
				SWIFT_EMIT_LOC_STRINGS = YES;
				SWIFT_VERSION = 5.0;
				TARGETED_DEVICE_FAMILY = "1,2";
			};
			name = Debug;
		};
		6CF4C3EF2C872AD800E3A0B5 /* Release */ = {
			isa = XCBuildConfiguration;
			buildSettings = {
				ASSETCATALOG_COMPILER_APPICON_NAME = AppIcon;
				ASSETCATALOG_COMPILER_GLOBAL_ACCENT_COLOR_NAME = AccentColor;
				CODE_SIGN_STYLE = Automatic;
				CURRENT_PROJECT_VERSION = 1;
				GENERATE_INFOPLIST_FILE = YES;
				INFOPLIST_FILE = "Superherores-iOS/Info.plist";
				INFOPLIST_KEY_UIApplicationSupportsIndirectInputEvents = YES;
				INFOPLIST_KEY_UILaunchStoryboardName = LaunchScreen;
				INFOPLIST_KEY_UIMainStoryboardFile = Main;
				INFOPLIST_KEY_UISupportedInterfaceOrientations_iPad = "UIInterfaceOrientationPortrait UIInterfaceOrientationPortraitUpsideDown UIInterfaceOrientationLandscapeLeft UIInterfaceOrientationLandscapeRight";
				INFOPLIST_KEY_UISupportedInterfaceOrientations_iPhone = "UIInterfaceOrientationPortrait UIInterfaceOrientationLandscapeLeft UIInterfaceOrientationLandscapeRight";
				LD_RUNPATH_SEARCH_PATHS = (
					"$(inherited)",
					"@executable_path/Frameworks",
				);
				MARKETING_VERSION = 1.0;
				PRODUCT_BUNDLE_IDENTIFIER = "com.example.Superherores-iOS";
				PRODUCT_NAME = "$(TARGET_NAME)";
				SWIFT_EMIT_LOC_STRINGS = YES;
				SWIFT_VERSION = 5.0;
				TARGETED_DEVICE_FAMILY = "1,2";
			};
			name = Release;
		};
/* End XCBuildConfiguration section */

/* Begin XCConfigurationList section */
		6CF4C3D42C872AD700E3A0B5 /* Build configuration list for PBXProject "Superherores-iOS" */ = {
			isa = XCConfigurationList;
			buildConfigurations = (
				6CF4C3EB2C872AD800E3A0B5 /* Debug */,
				6CF4C3EC2C872AD800E3A0B5 /* Release */,
			);
			defaultConfigurationIsVisible = 0;
			defaultConfigurationName = Release;
		};
		6CF4C3ED2C872AD800E3A0B5 /* Build configuration list for PBXNativeTarget "Superherores-iOS" */ = {
			isa = XCConfigurationList;
			buildConfigurations = (
				6CF4C3EE2C872AD800E3A0B5 /* Debug */,
				6CF4C3EF2C872AD800E3A0B5 /* Release */,
			);
			defaultConfigurationIsVisible = 0;
			defaultConfigurationName = Release;
		};
/* End XCConfigurationList section */
	};
	rootObject = 6CF4C3D12C872AD700E3A0B5 /* Project object */;
}
